
Microsoft Visual Studio Solution File, Format Version 12.00
# Visual Studio Version 17
VisualStudioVersion = 17.1.32421.90
MinimumVisualStudioVersion = 10.0.40219.1
Project("{FAE04EC0-301F-11D3-BF4B-00C04F79EFBC}") = "TesteImc", "TesteImc\TesteImc.csproj", "{9307BCEE-E61A-44F2-B02F-E2C6EF5D9A64}"
EndProject
Project("{FAE04EC0-301F-11D3-BF4B-00C04F79EFBC}") = "OperacoesImc", "teste\OperacoesImc.csproj", "{477E85E7-4105-4853-9AD3-C030ECA1599B}"
EndProject
Global
	GlobalSection(SolutionConfigurationPlatforms) = preSolution
		Debug|Any CPU = Debug|Any CPU
		Release|Any CPU = Release|Any CPU
	EndGlobalSection
	GlobalSection(ProjectConfigurationPlatforms) = postSolution
		{9307BCEE-E61A-44F2-B02F-E2C6EF5D9A64}.Debug|Any CPU.ActiveCfg = Debug|Any CPU
		{9307BCEE-E61A-44F2-B02F-E2C6EF5D9A64}.Debug|Any CPU.Build.0 = Debug|Any CPU
		{9307BCEE-E61A-44F2-B02F-E2C6EF5D9A64}.Release|Any CPU.ActiveCfg = Release|Any CPU
		{9307BCEE-E61A-44F2-B02F-E2C6EF5D9A64}.Release|Any CPU.Build.0 = Release|Any CPU
		{477E85E7-4105-4853-9AD3-C030ECA1599B}.Debug|Any CPU.ActiveCfg = Debug|Any CPU
		{477E85E7-4105-4853-9AD3-C030ECA1599B}.Debug|Any CPU.Build.0 = Debug|Any CPU
		{477E85E7-4105-4853-9AD3-C030ECA1599B}.Release|Any CPU.ActiveCfg = Release|Any CPU
		{477E85E7-4105-4853-9AD3-C030ECA1599B}.Release|Any CPU.Build.0 = Release|Any CPU
	EndGlobalSection
	GlobalSection(SolutionProperties) = preSolution
		HideSolutionNode = FALSE
	EndGlobalSection
	GlobalSection(ExtensibilityGlobals) = postSolution
		SolutionGuid = {0B8909FC-DBA4-4464-8D20-EDD5692A5B19}
	EndGlobalSection
EndGlobal
